
Microsoft Visual Studio Solution File, Format Version 12.00
# Visual Studio Version 16
VisualStudioVersion = 16.0.30717.126
MinimumVisualStudioVersion = 10.0.40219.1
Project("{FAE04EC0-301F-11D3-BF4B-00C04F79EFBC}") = "TCP-ServerOpg5", "TCP-ServerOpg5\TCP-ServerOpg5.csproj", "{856B8109-0A5B-4026-871F-8739BA1F2537}"
EndProject
Global
	GlobalSection(SolutionConfigurationPlatforms) = preSolution
		Debug|Any CPU = Debug|Any CPU
		Release|Any CPU = Release|Any CPU
	EndGlobalSection
	GlobalSection(ProjectConfigurationPlatforms) = postSolution
		{856B8109-0A5B-4026-871F-8739BA1F2537}.Debug|Any CPU.ActiveCfg = Debug|Any CPU
		{856B8109-0A5B-4026-871F-8739BA1F2537}.Debug|Any CPU.Build.0 = Debug|Any CPU
		{856B8109-0A5B-4026-871F-8739BA1F2537}.Release|Any CPU.ActiveCfg = Release|Any CPU
		{856B8109-0A5B-4026-871F-8739BA1F2537}.Release|Any CPU.Build.0 = Release|Any CPU
	EndGlobalSection
	GlobalSection(SolutionProperties) = preSolution
		HideSolutionNode = FALSE
	EndGlobalSection
	GlobalSection(ExtensibilityGlobals) = postSolution
		SolutionGuid = {B181C1DA-FCE8-4F57-92F1-8AACE925AE9B}
	EndGlobalSection
EndGlobal
